
Microsoft Visual Studio Solution File, Format Version 12.00
# Visual Studio Version 17
VisualStudioVersion = 17.8.34511.84
MinimumVisualStudioVersion = 10.0.40219.1
Project("{FAE04EC0-301F-11D3-BF4B-00C04F79EFBC}") = "CalculatorApp", "CalculatorApp\CalculatorApp.csproj", "{332BAE21-A582-48A4-B450-3EBBC42A967B}"
EndProject
Global
	GlobalSection(SolutionConfigurationPlatforms) = preSolution
		Debug|Any CPU = Debug|Any CPU
		Release|Any CPU = Release|Any CPU
	EndGlobalSection
	GlobalSection(ProjectConfigurationPlatforms) = postSolution
		{332BAE21-A582-48A4-B450-3EBBC42A967B}.Debug|Any CPU.ActiveCfg = Debug|Any CPU
		{332BAE21-A582-48A4-B450-3EBBC42A967B}.Debug|Any CPU.Build.0 = Debug|Any CPU
		{332BAE21-A582-48A4-B450-3EBBC42A967B}.Debug|Any CPU.Deploy.0 = Debug|Any CPU
		{332BAE21-A582-48A4-B450-3EBBC42A967B}.Release|Any CPU.ActiveCfg = Release|Any CPU
		{332BAE21-A582-48A4-B450-3EBBC42A967B}.Release|Any CPU.Build.0 = Release|Any CPU
		{332BAE21-A582-48A4-B450-3EBBC42A967B}.Release|Any CPU.Deploy.0 = Release|Any CPU
	EndGlobalSection
	GlobalSection(SolutionProperties) = preSolution
		HideSolutionNode = FALSE
	EndGlobalSection
	GlobalSection(ExtensibilityGlobals) = postSolution
		SolutionGuid = {09A93225-68C7-4BFB-9904-7EE2049BA019}
	EndGlobalSection
EndGlobal
